# THIS IS AN AUTOGENERATED FILE. DO NOT EDIT THIS FILE DIRECTLY.
# yarn lockfile v1


"@types/bun@latest":
  version "1.0.0"
  resolved "https://registry.yarnpkg.com/@types/bun/-/bun-1.0.0.tgz#2af72ee598ddcf98c2d513cc4c77c93c67632c22"
  integrity sha512-TPI/aImv/fSo0SWlt29wq0tWRqQOWsC4FOXYeUK0Ni6tAS+FqJZ2p7QCGY4hmHaHQeE2KhKJ6Qn9k3kvFfXD3Q==
  dependencies:
    bun-types "1.0.18"

bun-types@1.0.18:
  version "1.0.18"
  resolved "https://registry.yarnpkg.com/bun-types/-/bun-types-1.0.18.tgz#51730a15b094d1822f3cb64cc239f9447fb40da0"
  integrity sha512-1XZ7AxOF8oO8FZtw1xj006JAKxEjulK3dUhsktZVN95vXBlsf4NIjQxfistVdpt24v3H2I9BwHp+UU+gXSSpAw==
