# THIS IS AN AUTOGENERATED FILE. DO NOT EDIT THIS FILE DIRECTLY.
# yarn lockfile v1
# bun ./bun.lockb --hash: 7EFB4A07A01A08A0-0b38c57af4836ff3-ED1CD72C1EE2C8DC-360a431a67ed8f2c


"@types/bun@latest":
  version "1.0.11"
  resolved "https://registry.npmjs.org/@types/bun/-/bun-1.0.11.tgz"
  integrity sha512-kU4yU7vs/J/yIBoocc9j0sR/CxQ/WD4hSx3rl+WA2nLjcYuGR5aHJXVIBRcT5zvMmTt4CnSVkiONiWPob5trFg==
  dependencies:
    bun-types "1.0.35"

"@types/node@*", "@types/node@~20.11.3":
  version "20.11.30"
  resolved "https://registry.npmjs.org/@types/node/-/node-20.11.30.tgz"
  integrity sha512-dHM6ZxwlmuZaRmUPfv1p+KrdD1Dci04FbdEm/9wEMouFqxYoFl5aMkt0VMAUtYRQDyYvD41WJLukhq/ha3YuTw==
  dependencies:
    undici-types "~5.26.4"

"@types/ws@~8.5.10":
  version "8.5.10"
  resolved "https://registry.npmjs.org/@types/ws/-/ws-8.5.10.tgz"
  integrity sha512-vmQSUcfalpIq0R9q7uTo2lXs6eGIpt9wtnLdMv9LVpIjCA/+ufZRozlVoVelIYixx1ugCBKDhn89vnsEGOCx9A==
  dependencies:
    "@types/node" "*"

bun-types@1.0.35:
  version "1.0.35"
  resolved "https://registry.npmjs.org/bun-types/-/bun-types-1.0.35.tgz"
  integrity sha512-JlFllUCVMZbDyGfbv9dBWXd2tRdZSzyP1EWDKcTTVRViYNYX8AEsfpMN/vu6Hk8CBhKrhbbBkKZcNjJev8QQHQ==
  dependencies:
    "@types/node" "~20.11.3"
    "@types/ws" "~8.5.10"

typescript@^5.0.0:
  version "5.4.3"
  resolved "https://registry.npmjs.org/typescript/-/typescript-5.4.3.tgz"
  integrity sha512-KrPd3PKaCLr78MalgiwJnA25Nm8HAmdwN3mYUYZgG/wizIo9EainNVQI9/yDavtVFRN2h3k8uf3GLHuhDMgEHg==

undici-types@~5.26.4:
  version "5.26.5"
  resolved "https://registry.npmjs.org/undici-types/-/undici-types-5.26.5.tgz"
  integrity sha512-JlCMO+ehdEIKqlFxk6IfVoAUVmgz7cU7zD/h9XZ0qzeosSHmUJVOzSQvvYSYWXkFXC+IfLKSIffhv0sVZup6pA==
